// !$*UTF8*$!
{
	archiveVersion = 1;
	classes = {
	};
	objectVersion = 50;
	objects = {

/* Begin PBXBuildFile section */
		2165D4D4C31F58D4712CAD22 /* Pods_My_Charts.framework in Frameworks */ = {isa = PBXBuildFile; fileRef = 0CD30062657C14BCA1F1EFFC /* Pods_My_Charts.framework */; };
		FF725D46241E8AAB00961E01 /* AppDelegate.swift in Sources */ = {isa = PBXBuildFile; fileRef = FF725D45241E8AAB00961E01 /* AppDelegate.swift */; };
		FF725D48241E8AAB00961E01 /* SceneDelegate.swift in Sources */ = {isa = PBXBuildFile; fileRef = FF725D47241E8AAB00961E01 /* SceneDelegate.swift */; };
		FF725D4A241E8AAB00961E01 /* ViewController.swift in Sources */ = {isa = PBXBuildFile; fileRef = FF725D49241E8AAB00961E01 /* ViewController.swift */; };
		FF725D4D241E8AAB00961E01 /* Main.storyboard in Resources */ = {isa = PBXBuildFile; fileRef = FF725D4B241E8AAB00961E01 /* Main.storyboard */; };
		FF725D4F241E8AAC00961E01 /* Assets.xcassets in Resources */ = {isa = PBXBuildFile; fileRef = FF725D4E241E8AAC00961E01 /* Assets.xcassets */; };
		FF725D52241E8AAC00961E01 /* LaunchScreen.storyboard in Resources */ = {isa = PBXBuildFile; fileRef = FF725D50241E8AAC00961E01 /* LaunchScreen.storyboard */; };
/* End PBXBuildFile section */

/* Begin PBXFileReference section */
		0CD30062657C14BCA1F1EFFC /* Pods_My_Charts.framework */ = {isa = PBXFileReference; explicitFileType = wrapper.framework; includeInIndex = 0; path = Pods_My_Charts.framework; sourceTree = BUILT_PRODUCTS_DIR; };
		2F871FE4CDA55E5D5BC182EE /* Pods-My Charts.debug.xcconfig */ = {isa = PBXFileReference; includeInIndex = 1; lastKnownFileType = text.xcconfig; name = "Pods-My Charts.debug.xcconfig"; path = "Target Support Files/Pods-My Charts/Pods-My Charts.debug.xcconfig"; sourceTree = "<group>"; };
		AF7BE706551887EF7187ACA8 /* Pods-My Charts.release.xcconfig */ = {isa = PBXFileReference; includeInIndex = 1; lastKnownFileType = text.xcconfig; name = "Pods-My Charts.release.xcconfig"; path = "Target Support Files/Pods-My Charts/Pods-My Charts.release.xcconfig"; sourceTree = "<group>"; };
		FF725D42241E8AAB00961E01 /* My Charts.app */ = {isa = PBXFileReference; explicitFileType = wrapper.application; includeInIndex = 0; path = "My Charts.app"; sourceTree = BUILT_PRODUCTS_DIR; };
		FF725D45241E8AAB00961E01 /* AppDelegate.swift */ = {isa = PBXFileReference; lastKnownFileType = sourcecode.swift; path = AppDelegate.swift; sourceTree = "<group>"; };
		FF725D47241E8AAB00961E01 /* SceneDelegate.swift */ = {isa = PBXFileReference; lastKnownFileType = sourcecode.swift; path = SceneDelegate.swift; sourceTree = "<group>"; };
		FF725D49241E8AAB00961E01 /* ViewController.swift */ = {isa = PBXFileReference; lastKnownFileType = sourcecode.swift; path = ViewController.swift; sourceTree = "<group>"; };
		FF725D4C241E8AAB00961E01 /* Base */ = {isa = PBXFileReference; lastKnownFileType = file.storyboard; name = Base; path = Base.lproj/Main.storyboard; sourceTree = "<group>"; };
		FF725D4E241E8AAC00961E01 /* Assets.xcassets */ = {isa = PBXFileReference; lastKnownFileType = folder.assetcatalog; path = Assets.xcassets; sourceTree = "<group>"; };
		FF725D51241E8AAC00961E01 /* Base */ = {isa = PBXFileReference; lastKnownFileType = file.storyboard; name = Base; path = Base.lproj/LaunchScreen.storyboard; sourceTree = "<group>"; };
		FF725D53241E8AAC00961E01 /* Info.plist */ = {isa = PBXFileReference; lastKnownFileType = text.plist.xml; path = Info.plist; sourceTree = "<group>"; };
/* End PBXFileReference section */

/* Begin PBXFrameworksBuildPhase section */
		FF725D3F241E8AAB00961E01 /* Frameworks */ = {
			isa = PBXFrameworksBuildPhase;
			buildActionMask = 2147483647;
			files = (
				2165D4D4C31F58D4712CAD22 /* Pods_My_Charts.framework in Frameworks */,
			);
			runOnlyForDeploymentPostprocessing = 0;
		};
/* End PBXFrameworksBuildPhase section */

/* Begin PBXGroup section */
		16883000F0ABA7C3AD08AADD /* Pods */ = {
			isa = PBXGroup;
			children = (
				2F871FE4CDA55E5D5BC182EE /* Pods-My Charts.debug.xcconfig */,
				AF7BE706551887EF7187ACA8 /* Pods-My Charts.release.xcconfig */,
			);
			name = Pods;
			path = Pods;
			sourceTree = "<group>";
		};
		549C5479DBCB26754DA71352 /* Frameworks */ = {
			isa = PBXGroup;
			children = (
				0CD30062657C14BCA1F1EFFC /* Pods_My_Charts.framework */,
			);
			name = Frameworks;
			sourceTree = "<group>";
		};
		FF725D39241E8AAB00961E01 = {
			isa = PBXGroup;
			children = (
				FF725D44241E8AAB00961E01 /* My Charts */,
				FF725D43241E8AAB00961E01 /* Products */,
				16883000F0ABA7C3AD08AADD /* Pods */,
				549C5479DBCB26754DA71352 /* Frameworks */,
			);
			sourceTree = "<group>";
		};
		FF725D43241E8AAB00961E01 /* Products */ = {
			isa = PBXGroup;
			children = (
				FF725D42241E8AAB00961E01 /* My Charts.app */,
			);
			name = Products;
			sourceTree = "<group>";
		};
		FF725D44241E8AAB00961E01 /* My Charts */ = {
			isa = PBXGroup;
			children = (
				FF725D45241E8AAB00961E01 /* AppDelegate.swift */,
				FF725D47241E8AAB00961E01 /* SceneDelegate.swift */,
				FF725D49241E8AAB00961E01 /* ViewController.swift */,
				FF725D4B241E8AAB00961E01 /* Main.storyboard */,
				FF725D4E241E8AAC00961E01 /* Assets.xcassets */,
				FF725D50241E8AAC00961E01 /* LaunchScreen.storyboard */,
				FF725D53241E8AAC00961E01 /* Info.plist */,
			);
			path = "My Charts";
			sourceTree = "<group>";
		};
/* End PBXGroup section */

/* Begin PBXNativeTarget section */
		FF725D41241E8AAB00961E01 /* My Charts */ = {
			isa = PBXNativeTarget;
			buildConfigurationList = FF725D56241E8AAC00961E01 /* Build configuration list for PBXNativeTarget "My Charts" */;
			buildPhases = (
				03F5BDC3A2BC7F75A9E1F583 /* [CP] Check Pods Manifest.lock */,
				FF725D3E241E8AAB00961E01 /* Sources */,
				FF725D3F241E8AAB00961E01 /* Frameworks */,
				FF725D40241E8AAB00961E01 /* Resources */,
				2104DACF5BEC695A97973D5D /* [CP] Embed Pods Frameworks */,
			);
			buildRules = (
			);
			dependencies = (
			);
			name = "My Charts";
			productName = "My Charts";
			productReference = FF725D42241E8AAB00961E01 /* My Charts.app */;
			productType = "com.apple.product-type.application";
		};
/* End PBXNativeTarget section */

/* Begin PBXProject section */
		FF725D3A241E8AAB00961E01 /* Project object */ = {
			isa = PBXProject;
			attributes = {
				LastSwiftUpdateCheck = 1130;
				LastUpgradeCheck = 1130;
				ORGANIZATIONNAME = "Fahim Rahman";
				TargetAttributes = {
					FF725D41241E8AAB00961E01 = {
						CreatedOnToolsVersion = 11.3.1;
					};
				};
			};
			buildConfigurationList = FF725D3D241E8AAB00961E01 /* Build configuration list for PBXProject "My Charts" */;
			compatibilityVersion = "Xcode 9.3";
			developmentRegion = en;
			hasScannedForEncodings = 0;
			knownRegions = (
				en,
				Base,
			);
			mainGroup = FF725D39241E8AAB00961E01;
			productRefGroup = FF725D43241E8AAB00961E01 /* Products */;
			projectDirPath = "";
			projectRoot = "";
			targets = (
				FF725D41241E8AAB00961E01 /* My Charts */,
			);
		};
/* End PBXProject section */

/* Begin PBXResourcesBuildPhase section */
		FF725D40241E8AAB00961E01 /* Resources */ = {
			isa = PBXResourcesBuildPhase;
			buildActionMask = 2147483647;
			files = (
				FF725D52241E8AAC00961E01 /* LaunchScreen.storyboard in Resources */,
				FF725D4F241E8AAC00961E01 /* Assets.xcassets in Resources */,
				FF725D4D241E8AAB00961E01 /* Main.storyboard in Resources */,
			);
			runOnlyForDeploymentPostprocessing = 0;
		};
/* End PBXResourcesBuildPhase section */

/* Begin PBXShellScriptBuildPhase section */
		03F5BDC3A2BC7F75A9E1F583 /* [CP] Check Pods Manifest.lock */ = {
			isa = PBXShellScriptBuildPhase;
			buildActionMask = 2147483647;
			files = (
			);
			inputFileListPaths = (
			);
			inputPaths = (
				"${PODS_PODFILE_DIR_PATH}/Podfile.lock",
				"${PODS_ROOT}/Manifest.lock",
			);
			name = "[CP] Check Pods Manifest.lock";
			outputFileListPaths = (
			);
			outputPaths = (
				"$(DERIVED_FILE_DIR)/Pods-My Charts-checkManifestLockResult.txt",
			);
			runOnlyForDeploymentPostprocessing = 0;
			shellPath = /bin/sh;
			shellScript = "diff \"${PODS_PODFILE_DIR_PATH}/Podfile.lock\" \"${PODS_ROOT}/Manifest.lock\" > /dev/null\nif [ $? != 0 ] ; then\n    # print error to STDERR\n    echo \"error: The sandbox is not in sync with the Podfile.lock. Run 'pod install' or update your CocoaPods installation.\" >&2\n    exit 1\nfi\n# This output is used by Xcode 'outputs' to avoid re-running this script phase.\necho \"SUCCESS\" > \"${SCRIPT_OUTPUT_FILE_0}\"\n";
			showEnvVarsInLog = 0;
		};
		2104DACF5BEC695A97973D5D /* [CP] Embed Pods Frameworks */ = {
			isa = PBXShellScriptBuildPhase;
			buildActionMask = 2147483647;
			files = (
			);
			inputFileListPaths = (
				"${PODS_ROOT}/Target Support Files/Pods-My Charts/Pods-My Charts-frameworks-${CONFIGURATION}-input-files.xcfilelist",
			);
			name = "[CP] Embed Pods Frameworks";
			outputFileListPaths = (
				"${PODS_ROOT}/Target Support Files/Pods-My Charts/Pods-My Charts-frameworks-${CONFIGURATION}-output-files.xcfilelist",
			);
			runOnlyForDeploymentPostprocessing = 0;
			shellPath = /bin/sh;
			shellScript = "\"${PODS_ROOT}/Target Support Files/Pods-My Charts/Pods-My Charts-frameworks.sh\"\n";
			showEnvVarsInLog = 0;
		};
/* End PBXShellScriptBuildPhase section */

/* Begin PBXSourcesBuildPhase section */
		FF725D3E241E8AAB00961E01 /* Sources */ = {
			isa = PBXSourcesBuildPhase;
			buildActionMask = 2147483647;
			files = (
				FF725D4A241E8AAB00961E01 /* ViewController.swift in Sources */,
				FF725D46241E8AAB00961E01 /* AppDelegate.swift in Sources */,
				FF725D48241E8AAB00961E01 /* SceneDelegate.swift in Sources */,
			);
			runOnlyForDeploymentPostprocessing = 0;
		};
/* End PBXSourcesBuildPhase section */

/* Begin PBXVariantGroup section */
		FF725D4B241E8AAB00961E01 /* Main.storyboard */ = {
			isa = PBXVariantGroup;
			children = (
				FF725D4C241E8AAB00961E01 /* Base */,
			);
			name = Main.storyboard;
			sourceTree = "<group>";
		};
		FF725D50241E8AAC00961E01 /* LaunchScreen.storyboard */ = {
			isa = PBXVariantGroup;
			children = (
				FF725D51241E8AAC00961E01 /* Base */,
			);
			name = LaunchScreen.storyboard;
			sourceTree = "<group>";
		};
/* End PBXVariantGroup section */

/* Begin XCBuildConfiguration section */
		FF725D54241E8AAC00961E01 /* Debug */ = {
			isa = XCBuildConfiguration;
			buildSettings = {
				ALWAYS_SEARCH_USER_PATHS = NO;
				CLANG_ANALYZER_NONNULL = YES;
				CLANG_ANALYZER_NUMBER_OBJECT_CONVERSION = YES_AGGRESSIVE;
				CLANG_CXX_LANGUAGE_STANDARD = "gnu++14";
				CLANG_CXX_LIBRARY = "libc++";
				CLANG_ENABLE_MODULES = YES;
				CLANG_ENABLE_OBJC_ARC = YES;
				CLANG_ENABLE_OBJC_WEAK = YES;
				CLANG_WARN_BLOCK_CAPTURE_AUTORELEASING = YES;
				CLANG_WARN_BOOL_CONVERSION = YES;
				CLANG_WARN_COMMA = YES;
				CLANG_WARN_CONSTANT_CONVERSION = YES;
				CLANG_WARN_DEPRECATED_OBJC_IMPLEMENTATIONS = YES;
				CLANG_WARN_DIRECT_OBJC_ISA_USAGE = YES_ERROR;
				CLANG_WARN_DOCUMENTATION_COMMENTS = YES;
				CLANG_WARN_EMPTY_BODY = YES;
				CLANG_WARN_ENUM_CONVERSION = YES;
				CLANG_WARN_INFINITE_RECURSION = YES;
				CLANG_WARN_INT_CONVERSION = YES;
				CLANG_WARN_NON_LITERAL_NULL_CONVERSION = YES;
				CLANG_WARN_OBJC_IMPLICIT_RETAIN_SELF = YES;
				CLANG_WARN_OBJC_LITERAL_CONVERSION = YES;
				CLANG_WARN_OBJC_ROOT_CLASS = YES_ERROR;
				CLANG_WARN_RANGE_LOOP_ANALYSIS = YES;
				CLANG_WARN_STRICT_PROTOTYPES = YES;
				CLANG_WARN_SUSPICIOUS_MOVE = YES;
				CLANG_WARN_UNGUARDED_AVAILABILITY = YES_AGGRESSIVE;
				CLANG_WARN_UNREACHABLE_CODE = YES;
				CLANG_WARN__DUPLICATE_METHOD_MATCH = YES;
				COPY_PHASE_STRIP = NO;
				DEBUG_INFORMATION_FORMAT = dwarf;
				ENABLE_STRICT_OBJC_MSGSEND = YES;
				ENABLE_TESTABILITY = YES;
				GCC_C_LANGUAGE_STANDARD = gnu11;
				GCC_DYNAMIC_NO_PIC = NO;
				GCC_NO_COMMON_BLOCKS = YES;
				GCC_OPTIMIZATION_LEVEL = 0;
				GCC_PREPROCESSOR_DEFINITIONS = (
					"DEBUG=1",
					"$(inherited)",
				);
				GCC_WARN_64_TO_32_BIT_CONVERSION = YES;
				GCC_WARN_ABOUT_RETURN_TYPE = YES_ERROR;
				GCC_WARN_UNDECLARED_SELECTOR = YES;
				GCC_WARN_UNINITIALIZED_AUTOS = YES_AGGRESSIVE;
				GCC_WARN_UNUSED_FUNCTION = YES;
				GCC_WARN_UNUSED_VARIABLE = YES;
				IPHONEOS_DEPLOYMENT_TARGET = 13.2;
				MTL_ENABLE_DEBUG_INFO = INCLUDE_SOURCE;
				MTL_FAST_MATH = YES;
				ONLY_ACTIVE_ARCH = YES;
				SDKROOT = iphoneos;
				SWIFT_ACTIVE_COMPILATION_CONDITIONS = DEBUG;
				SWIFT_OPTIMIZATION_LEVEL = "-Onone";
			};
			name = Debug;
		};
		FF725D55241E8AAC00961E01 /* Release */ = {
			isa = XCBuildConfiguration;
			buildSettings = {
				ALWAYS_SEARCH_USER_PATHS = NO;
				CLANG_ANALYZER_NONNULL = YES;
				CLANG_ANALYZER_NUMBER_OBJECT_CONVERSION = YES_AGGRESSIVE;
				CLANG_CXX_LANGUAGE_STANDARD = "gnu++14";
				CLANG_CXX_LIBRARY = "libc++";
				CLANG_ENABLE_MODULES = YES;
				CLANG_ENABLE_OBJC_ARC = YES;
				CLANG_ENABLE_OBJC_WEAK = YES;
				CLANG_WARN_BLOCK_CAPTURE_AUTORELEASING = YES;
				CLANG_WARN_BOOL_CONVERSION = YES;
				CLANG_WARN_COMMA = YES;
				CLANG_WARN_CONSTANT_CONVERSION = YES;
				CLANG_WARN_DEPRECATED_OBJC_IMPLEMENTATIONS = YES;
				CLANG_WARN_DIRECT_OBJC_ISA_USAGE = YES_ERROR;
				CLANG_WARN_DOCUMENTATION_COMMENTS = YES;
				CLANG_WARN_EMPTY_BODY = YES;
				CLANG_WARN_ENUM_CONVERSION = YES;
				CLANG_WARN_INFINITE_RECURSION = YES;
				CLANG_WARN_INT_CONVERSION = YES;
				CLANG_WARN_NON_LITERAL_NULL_CONVERSION = YES;
				CLANG_WARN_OBJC_IMPLICIT_RETAIN_SELF = YES;
				CLANG_WARN_OBJC_LITERAL_CONVERSION = YES;
				CLANG_WARN_OBJC_ROOT_CLASS = YES_ERROR;
				CLANG_WARN_RANGE_LOOP_ANALYSIS = YES;
				CLANG_WARN_STRICT_PROTOTYPES = YES;
				CLANG_WARN_SUSPICIOUS_MOVE = YES;
				CLANG_WARN_UNGUARDED_AVAILABILITY = YES_AGGRESSIVE;
				CLANG_WARN_UNREACHABLE_CODE = YES;
				CLANG_WARN__DUPLICATE_METHOD_MATCH = YES;
				COPY_PHASE_STRIP = NO;
				DEBUG_INFORMATION_FORMAT = "dwarf-with-dsym";
				ENABLE_NS_ASSERTIONS = NO;
				ENABLE_STRICT_OBJC_MSGSEND = YES;
				GCC_C_LANGUAGE_STANDARD = gnu11;
				GCC_NO_COMMON_BLOCKS = YES;
				GCC_WARN_64_TO_32_BIT_CONVERSION = YES;
				GCC_WARN_ABOUT_RETURN_TYPE = YES_ERROR;
				GCC_WARN_UNDECLARED_SELECTOR = YES;
				GCC_WARN_UNINITIALIZED_AUTOS = YES_AGGRESSIVE;
				GCC_WARN_UNUSED_FUNCTION = YES;
				GCC_WARN_UNUSED_VARIABLE = YES;
				IPHONEOS_DEPLOYMENT_TARGET = 13.2;
				MTL_ENABLE_DEBUG_INFO = NO;
				MTL_FAST_MATH = YES;
				SDKROOT = iphoneos;
				SWIFT_COMPILATION_MODE = wholemodule;
				SWIFT_OPTIMIZATION_LEVEL = "-O";
				VALIDATE_PRODUCT = YES;
			};
			name = Release;
		};
		FF725D57241E8AAC00961E01 /* Debug */ = {
			isa = XCBuildConfiguration;
			baseConfigurationReference = 2F871FE4CDA55E5D5BC182EE /* Pods-My Charts.debug.xcconfig */;
			buildSettings = {
				ASSETCATALOG_COMPILER_APPICON_NAME = AppIcon;
				CODE_SIGN_STYLE = Automatic;
				DEVELOPMENT_TEAM = R975Y8X2C9;
				INFOPLIST_FILE = "My Charts/Info.plist";
				LD_RUNPATH_SEARCH_PATHS = (
					"$(inherited)",
					"@executable_path/Frameworks",
				);
				PRODUCT_BUNDLE_IDENTIFIER = "com.fahimrahman.My-Charts";
				PRODUCT_NAME = "$(TARGET_NAME)";
				SWIFT_VERSION = 5.0;
				TARGETED_DEVICE_FAMILY = "1,2";
			};
			name = Debug;
		};
		FF725D58241E8AAC00961E01 /* Release */ = {
			isa = XCBuildConfiguration;
			baseConfigurationReference = AF7BE706551887EF7187ACA8 /* Pods-My Charts.release.xcconfig */;
			buildSettings = {
				ASSETCATALOG_COMPILER_APPICON_NAME = AppIcon;
				CODE_SIGN_STYLE = Automatic;
				DEVELOPMENT_TEAM = R975Y8X2C9;
				INFOPLIST_FILE = "My Charts/Info.plist";
				LD_RUNPATH_SEARCH_PATHS = (
					"$(inherited)",
					"@executable_path/Frameworks",
				);
				PRODUCT_BUNDLE_IDENTIFIER = "com.fahimrahman.My-Charts";
				PRODUCT_NAME = "$(TARGET_NAME)";
				SWIFT_VERSION = 5.0;
				TARGETED_DEVICE_FAMILY = "1,2";
			};
			name = Release;
		};
/* End XCBuildConfiguration section */

/* Begin XCConfigurationList section */
		FF725D3D241E8AAB00961E01 /* Build configuration list for PBXProject "My Charts" */ = {
			isa = XCConfigurationList;
			buildConfigurations = (
				FF725D54241E8AAC00961E01 /* Debug */,
				FF725D55241E8AAC00961E01 /* Release */,
			);
			defaultConfigurationIsVisible = 0;
			defaultConfigurationName = Release;
		};
		FF725D56241E8AAC00961E01 /* Build configuration list for PBXNativeTarget "My Charts" */ = {
			isa = XCConfigurationList;
			buildConfigurations = (
				FF725D57241E8AAC00961E01 /* Debug */,
				FF725D58241E8AAC00961E01 /* Release */,
			);
			defaultConfigurationIsVisible = 0;
			defaultConfigurationName = Release;
		};
/* End XCConfigurationList section */
	};
	rootObject = FF725D3A241E8AAB00961E01 /* Project object */;
}
